#MicroXplorer Configuration settings - do not modify
Mcu.Family=STM32F0
PB7.GPIO_PuPd=GPIO_PULLUP
SH.GPXTI1.0=GPIO_EXTI1
ProjectManager.MainLocation=Core/Src
RCC.MCOFreq_Value=48000000
SH.GPXTI5.0=GPIO_EXTI5
RCC.USART1Freq_Value=48000000
ProjectManager.ProjectFileName=stm32f030_UART_NVIC.ioc
ProjectManager.KeepUserCode=true
PA10.Mode=Asynchronous
Mcu.UserName=STM32F030C8Tx
Mcu.PinsNb=17
ProjectManager.NoMain=false
VP_ADC_TempSens_Input.Mode=IN-TempSens
PC13.Locked=true
USART1.BaudRate=115200
RCC.PLLCLKFreq_Value=48000000
PC13.Signal=GPIO_Output
USART1.WordLength=WORDLENGTH_9B
PB6.GPIO_PuPd=GPIO_PULLUP
ProjectManager.functionlistsort=1-MX_GPIO_Init-GPIO-false-HAL-true,2-SystemClock_Config-RCC-false-HAL-false,3-MX_ADC_Init-ADC-false-HAL-true,4-MX_USART1_UART_Init-USART1-false-HAL-true
SH.GPXTI0.ConfNb=1
ProjectManager.DefaultFWLocation=true
PB0.GPIO_Label=wiegand5_D0
ADC.IPParameters=SamplingTime,ContinuousConvMode
NVIC.SVC_IRQn=true\:0\:0\:false\:false\:true\:false\:false
ProjectManager.DeletePrevious=true
USART1.IPParameters=VirtualMode-Asynchronous,BaudRate,WordLength,Parity
PinOutPanel.RotationAngle=0
RCC.FamilyName=M
RCC.SYSCLKSource=RCC_SYSCLKSOURCE_PLLCLK
ProjectManager.StackSize=0x400
PB5.GPIOParameters=GPIO_PuPd
SH.GPXTI2.0=GPIO_EXTI2
SH.GPXTI6.0=GPIO_EXTI6
USART1.VirtualMode-Asynchronous=VM_ASYNC
PA13.Signal=SYS_SWDIO
Mcu.IP4=USART1
SH.GPXTI6.ConfNb=1
SH.GPXTI7.ConfNb=1
RCC.FCLKCortexFreq_Value=48000000
Mcu.IP2=RCC
Mcu.IP3=SYS
PB4.GPIOParameters=GPIO_PuPd
Mcu.IP0=ADC
PA9.Mode=Asynchronous
Mcu.IP1=NVIC
SH.GPXTI3.ConfNb=1
SH.GPXTI2.ConfNb=1
Mcu.UserConstants=
ProjectManager.TargetToolchain=STM32CubeIDE
Mcu.ThirdPartyNb=0
PB1.GPIO_PuPd=GPIO_PULLUP
PB7.GPIOParameters=GPIO_PuPd
RCC.HCLKFreq_Value=48000000
Mcu.IPNb=5
ProjectManager.PreviousToolchain=
PA9.Signal=USART1_TX
PB2.GPIOParameters=GPIO_PuPd
USART1.Parity=PARITY_ODD
PB6.Signal=GPXTI6
PB5.Locked=true
Mcu.Pin6=PA9
Mcu.Pin7=PA10
PB4.GPIO_PuPd=GPIO_PULLUP
ProjectManager.RegisterCallBack=
Mcu.Pin8=PA13
Mcu.Pin9=PA14
RCC.AHBFreq_Value=48000000
Mcu.Pin0=PC13
PB1.Locked=true
PF0-OSC_IN.Mode=HSE-External-Oscillator
Mcu.Pin1=PF0-OSC_IN
GPIO.groupedBy=Group By Peripherals
Mcu.Pin2=PF1-OSC_OUT
Mcu.Pin3=PB0
Mcu.Pin4=PB1
ADC.SamplingTime=ADC_SAMPLETIME_55CYCLES_5
Mcu.Pin5=PB2
ProjectManager.ProjectBuild=false
PB2.Signal=GPXTI2
board=custom
SH.GPXTI3.0=GPIO_EXTI3
NVIC.SysTick_IRQn=true\:0\:0\:false\:false\:true\:false\:true
ProjectManager.LastFirmware=true
RCC.PLLMUL=RCC_PLL_MUL12
SH.GPXTI7.0=GPIO_EXTI7
NVIC.EXTI2_3_IRQn=true\:0\:0\:false\:false\:true\:true\:true
ProjectManager.FirmwarePackage=STM32Cube FW_F0 V1.11.3
MxDb.Version=DB.6.0.21
PB0.GPIOParameters=GPIO_PuPd,GPIO_Label
PB3.GPIO_PuPd=GPIO_PULLUP
ProjectManager.BackupPrevious=false
MxCube.Version=6.2.1
PA14.Mode=Serial_Wire
PC13.GPIOParameters=PinState
PB1.GPIO_Label=wiegand5_D1
File.Version=6
VP_SYS_VS_Systick.Mode=SysTick
PB3.GPIOParameters=GPIO_PuPd
PB7.Signal=GPXTI7
NVIC.NonMaskableInt_IRQn=true\:0\:0\:false\:false\:true\:false\:false
PB6.Locked=true
NVIC.PendSV_IRQn=true\:0\:0\:false\:false\:true\:false\:false
PA13.Mode=Serial_Wire
ProjectManager.FreePins=false
RCC.IPParameters=AHBFreq_Value,APB1Freq_Value,APB1TimFreq_Value,FCLKCortexFreq_Value,FamilyName,HCLKFreq_Value,MCOFreq_Value,PLLCLKFreq_Value,PLLMCOFreq_Value,PLLMUL,SYSCLKFreq_VALUE,SYSCLKSource,TimSysFreq_Value,USART1Freq_Value
ProjectManager.AskForMigrate=true
Mcu.Name=STM32F030C8Tx
PB6.GPIOParameters=GPIO_PuPd
ProjectManager.HalAssertFull=false
PB0.Locked=true
PB2.GPIO_PuPd=GPIO_PULLUP
ProjectManager.ProjectName=stm32f030_UART_NVIC
ProjectManager.UnderRoot=true
PB2.Locked=true
RCC.PLLMCOFreq_Value=24000000
ProjectManager.CoupleFile=false
PB4.Locked=true
PB3.Signal=GPXTI3
RCC.SYSCLKFreq_VALUE=48000000
Mcu.Package=LQFP48
PB5.Signal=GPXTI5
PB1.Signal=GPXTI1
RCC.TimSysFreq_Value=48000000
VP_ADC_TempSens_Input.Signal=ADC_TempSens_Input
SH.GPXTI4.0=GPIO_EXTI4
NVIC.ForceEnableDMAVector=true
KeepUserPlacement=false
PB5.GPIO_PuPd=GPIO_PULLUP
ProjectManager.CompilerOptimize=6
ProjectManager.ToolChainLocation=
VP_SYS_VS_Systick.Signal=SYS_VS_Systick
SH.GPXTI0.0=GPIO_EXTI0
SH.GPXTI5.ConfNb=1
PA10.Signal=USART1_RX
PA14.Signal=SYS_SWCLK
ProjectManager.HeapSize=0x200
Mcu.Pin15=VP_ADC_TempSens_Input
NVIC.HardFault_IRQn=true\:0\:0\:false\:false\:true\:false\:false
Mcu.Pin16=VP_SYS_VS_Systick
SH.GPXTI4.ConfNb=1
Mcu.Pin13=PB6
Mcu.Pin14=PB7
ProjectManager.ComputerToolchain=false
Mcu.Pin11=PB4
Mcu.Pin12=PB5
Mcu.Pin10=PB3
PB7.Locked=true
RCC.APB1TimFreq_Value=48000000
PF0-OSC_IN.Signal=RCC_OSC_IN
SH.GPXTI1.ConfNb=1
NVIC.USART1_IRQn=true\:0\:0\:false\:false\:true\:true\:true
PF1-OSC_OUT.Mode=HSE-External-Oscillator
RCC.APB1Freq_Value=48000000
PB0.Signal=GPXTI0
ADC.ContinuousConvMode=ENABLE
ProjectManager.CustomerFirmwarePackage=
ProjectManager.DeviceId=STM32F030C8Tx
PF1-OSC_OUT.Signal=RCC_OSC_OUT
NVIC.EXTI4_15_IRQn=true\:0\:0\:false\:false\:true\:true\:true
ProjectManager.LibraryCopy=1
PC13.PinState=GPIO_PIN_SET
PB0.GPIO_PuPd=GPIO_PULLUP
PB3.Locked=true
PB4.Signal=GPXTI4
PB1.GPIOParameters=GPIO_PuPd,GPIO_Label
NVIC.EXTI0_1_IRQn=true\:0\:0\:false\:false\:true\:true\:true
isbadioc=false
